
Microsoft Visual Studio Solution File, Format Version 12.00
# Visual Studio Version 17
VisualStudioVersion = 17.0.31903.59
MinimumVisualStudioVersion = 10.0.40219.1
Project("{2150E333-8FDC-42A3-9474-1A3956D46DE8}") = "src", "src", "{486F9201-4CD2-40BD-914C-E69E70BDA064}"
EndProject
Project("{FAE04EC0-301F-11D3-BF4B-00C04F79EFBC}") = "ExpressionCompiler.Repl", "src\ExpressionCompiler.Repl\ExpressionCompiler.Repl.csproj", "{CE854079-D497-4E13-AD2C-CADEE21E1351}"
EndProject
Project("{FAE04EC0-301F-11D3-BF4B-00C04F79EFBC}") = "ExpressionCompiler.Tests", "tests\ExpressionCompiler.Tests\ExpressionCompiler.Tests.csproj", "{31D514B8-9553-4257-A76A-C58F54B6888B}"
EndProject
Global
	GlobalSection(SolutionConfigurationPlatforms) = preSolution
		Debug|Any CPU = Debug|Any CPU
		Release|Any CPU = Release|Any CPU
	EndGlobalSection
	GlobalSection(SolutionProperties) = preSolution
		HideSolutionNode = FALSE
	EndGlobalSection
	GlobalSection(ProjectConfigurationPlatforms) = postSolution
		{CE854079-D497-4E13-AD2C-CADEE21E1351}.Debug|Any CPU.ActiveCfg = Debug|Any CPU
		{CE854079-D497-4E13-AD2C-CADEE21E1351}.Debug|Any CPU.Build.0 = Debug|Any CPU
		{CE854079-D497-4E13-AD2C-CADEE21E1351}.Release|Any CPU.ActiveCfg = Release|Any CPU
		{CE854079-D497-4E13-AD2C-CADEE21E1351}.Release|Any CPU.Build.0 = Release|Any CPU
		{31D514B8-9553-4257-A76A-C58F54B6888B}.Debug|Any CPU.ActiveCfg = Debug|Any CPU
		{31D514B8-9553-4257-A76A-C58F54B6888B}.Debug|Any CPU.Build.0 = Debug|Any CPU
		{31D514B8-9553-4257-A76A-C58F54B6888B}.Release|Any CPU.ActiveCfg = Release|Any CPU
		{31D514B8-9553-4257-A76A-C58F54B6888B}.Release|Any CPU.Build.0 = Release|Any CPU
	EndGlobalSection
	GlobalSection(NestedProjects) = preSolution
		{CE854079-D497-4E13-AD2C-CADEE21E1351} = {486F9201-4CD2-40BD-914C-E69E70BDA064}
		{31D514B8-9553-4257-A76A-C58F54B6888B} = {486F9201-4CD2-40BD-914C-E69E70BDA064}
	EndGlobalSection
EndGlobal
